
Microsoft Visual Studio Solution File, Format Version 12.00
# Visual Studio 15
VisualStudioVersion = 15.0.26430.13
MinimumVisualStudioVersion = 10.0.40219.1
Project("{FAE04EC0-301F-11D3-BF4B-00C04F79EFBC}") = "VoteMAGA", "VoteMAGA\VoteMAGA.csproj", "{6BCD705E-0C10-40B7-ACE5-B9601059407A}"
EndProject
Project("{FAE04EC0-301F-11D3-BF4B-00C04F79EFBC}") = "VoteMAGA.Tests", "VoteMAGA.Tests\VoteMAGA.Tests.csproj", "{861AC513-E186-4740-B540-70B6BED496B1}"
EndProject
Global
	GlobalSection(SolutionConfigurationPlatforms) = preSolution
		Debug|Any CPU = Debug|Any CPU
		Release|Any CPU = Release|Any CPU
	EndGlobalSection
	GlobalSection(ProjectConfigurationPlatforms) = postSolution
		{6BCD705E-0C10-40B7-ACE5-B9601059407A}.Debug|Any CPU.ActiveCfg = Debug|Any CPU
		{6BCD705E-0C10-40B7-ACE5-B9601059407A}.Debug|Any CPU.Build.0 = Debug|Any CPU
		{6BCD705E-0C10-40B7-ACE5-B9601059407A}.Release|Any CPU.ActiveCfg = Release|Any CPU
		{6BCD705E-0C10-40B7-ACE5-B9601059407A}.Release|Any CPU.Build.0 = Release|Any CPU
		{861AC513-E186-4740-B540-70B6BED496B1}.Debug|Any CPU.ActiveCfg = Debug|Any CPU
		{861AC513-E186-4740-B540-70B6BED496B1}.Debug|Any CPU.Build.0 = Debug|Any CPU
		{861AC513-E186-4740-B540-70B6BED496B1}.Release|Any CPU.ActiveCfg = Release|Any CPU
		{861AC513-E186-4740-B540-70B6BED496B1}.Release|Any CPU.Build.0 = Release|Any CPU
	EndGlobalSection
	GlobalSection(SolutionProperties) = preSolution
		HideSolutionNode = FALSE
	EndGlobalSection
EndGlobal
